
Microsoft Visual Studio Solution File, Format Version 12.00
# Visual Studio 15
VisualStudioVersion = 15.0.27703.2035
MinimumVisualStudioVersion = 10.0.40219.1
Project("{FAE04EC0-301F-11D3-BF4B-00C04F79EFBC}") = "AspNetApp", "AspNetApp\AspNetApp.csproj", "{5630CD86-CBF5-47F6-AE2A-196DF6A84C25}"
EndProject
Global
	GlobalSection(SolutionConfigurationPlatforms) = preSolution
		Debug|Any CPU = Debug|Any CPU
		Release|Any CPU = Release|Any CPU
	EndGlobalSection
	GlobalSection(ProjectConfigurationPlatforms) = postSolution
		{5630CD86-CBF5-47F6-AE2A-196DF6A84C25}.Debug|Any CPU.ActiveCfg = Debug|Any CPU
		{5630CD86-CBF5-47F6-AE2A-196DF6A84C25}.Debug|Any CPU.Build.0 = Debug|Any CPU
		{5630CD86-CBF5-47F6-AE2A-196DF6A84C25}.Release|Any CPU.ActiveCfg = Release|Any CPU
		{5630CD86-CBF5-47F6-AE2A-196DF6A84C25}.Release|Any CPU.Build.0 = Release|Any CPU
	EndGlobalSection
	GlobalSection(SolutionProperties) = preSolution
		HideSolutionNode = FALSE
	EndGlobalSection
	GlobalSection(ExtensibilityGlobals) = postSolution
		SolutionGuid = {909C1604-24FE-44A8-AAB5-2A7638B7AEC2}
	EndGlobalSection
EndGlobal
